
Microsoft Visual Studio Solution File, Format Version 12.00
# Visual Studio Version 16
VisualStudioVersion = 16.0.30717.126
MinimumVisualStudioVersion = 10.0.40219.1
Project("{FAE04EC0-301F-11D3-BF4B-00C04F79EFBC}") = "XmlToJson", "XmlToJson\XmlToJson.csproj", "{CC6B769E-A945-4FDD-BBCE-BA483B607E39}"
EndProject
Global
	GlobalSection(SolutionConfigurationPlatforms) = preSolution
		Debug|Any CPU = Debug|Any CPU
		Release|Any CPU = Release|Any CPU
	EndGlobalSection
	GlobalSection(ProjectConfigurationPlatforms) = postSolution
		{CC6B769E-A945-4FDD-BBCE-BA483B607E39}.Debug|Any CPU.ActiveCfg = Debug|Any CPU
		{CC6B769E-A945-4FDD-BBCE-BA483B607E39}.Debug|Any CPU.Build.0 = Debug|Any CPU
		{CC6B769E-A945-4FDD-BBCE-BA483B607E39}.Release|Any CPU.ActiveCfg = Release|Any CPU
		{CC6B769E-A945-4FDD-BBCE-BA483B607E39}.Release|Any CPU.Build.0 = Release|Any CPU
	EndGlobalSection
	GlobalSection(SolutionProperties) = preSolution
		HideSolutionNode = FALSE
	EndGlobalSection
	GlobalSection(ExtensibilityGlobals) = postSolution
		SolutionGuid = {8ADF48FD-C5B1-4BA2-A44F-585160392CBC}
	EndGlobalSection
EndGlobal
